
Microsoft Visual Studio Solution File, Format Version 12.00
# Visual Studio Version 16
VisualStudioVersion = 16.6.30114.105
MinimumVisualStudioVersion = 10.0.40219.1
Project("{FAE04EC0-301F-11D3-BF4B-00C04F79EFBC}") = "Agendei.Api", "Agendei.Api\Agendei.Api.csproj", "{1C1520E4-60D6-48F2-ADCC-8952B8431A2C}"
EndProject
Project("{FAE04EC0-301F-11D3-BF4B-00C04F79EFBC}") = "Agendei.Dominio", "Agendei.Dominio\Agendei.Dominio.csproj", "{B2622244-D877-4E41-A364-22A0B63E04EA}"
EndProject
Project("{FAE04EC0-301F-11D3-BF4B-00C04F79EFBC}") = "Agendei.Infra", "Agendei.Infra\Agendei.Infra.csproj", "{1CA76FFB-31A2-4838-9592-7B66CD72E9A6}"
EndProject
Project("{FAE04EC0-301F-11D3-BF4B-00C04F79EFBC}") = "Agendei.Tests", "Agendei.Tests\Agendei.Tests.csproj", "{75D39EF5-397D-4029-A583-522229C08A45}"
EndProject
Global
	GlobalSection(SolutionConfigurationPlatforms) = preSolution
		Debug|Any CPU = Debug|Any CPU
		Debug|x64 = Debug|x64
		Debug|x86 = Debug|x86
		Release|Any CPU = Release|Any CPU
		Release|x64 = Release|x64
		Release|x86 = Release|x86
	EndGlobalSection
	GlobalSection(SolutionProperties) = preSolution
		HideSolutionNode = FALSE
	EndGlobalSection
	GlobalSection(ProjectConfigurationPlatforms) = postSolution
		{1C1520E4-60D6-48F2-ADCC-8952B8431A2C}.Debug|Any CPU.ActiveCfg = Debug|Any CPU
		{1C1520E4-60D6-48F2-ADCC-8952B8431A2C}.Debug|Any CPU.Build.0 = Debug|Any CPU
		{1C1520E4-60D6-48F2-ADCC-8952B8431A2C}.Debug|x64.ActiveCfg = Debug|Any CPU
		{1C1520E4-60D6-48F2-ADCC-8952B8431A2C}.Debug|x64.Build.0 = Debug|Any CPU
		{1C1520E4-60D6-48F2-ADCC-8952B8431A2C}.Debug|x86.ActiveCfg = Debug|Any CPU
		{1C1520E4-60D6-48F2-ADCC-8952B8431A2C}.Debug|x86.Build.0 = Debug|Any CPU
		{1C1520E4-60D6-48F2-ADCC-8952B8431A2C}.Release|Any CPU.ActiveCfg = Release|Any CPU
		{1C1520E4-60D6-48F2-ADCC-8952B8431A2C}.Release|Any CPU.Build.0 = Release|Any CPU
		{1C1520E4-60D6-48F2-ADCC-8952B8431A2C}.Release|x64.ActiveCfg = Release|Any CPU
		{1C1520E4-60D6-48F2-ADCC-8952B8431A2C}.Release|x64.Build.0 = Release|Any CPU
		{1C1520E4-60D6-48F2-ADCC-8952B8431A2C}.Release|x86.ActiveCfg = Release|Any CPU
		{1C1520E4-60D6-48F2-ADCC-8952B8431A2C}.Release|x86.Build.0 = Release|Any CPU
		{B2622244-D877-4E41-A364-22A0B63E04EA}.Debug|Any CPU.ActiveCfg = Debug|Any CPU
		{B2622244-D877-4E41-A364-22A0B63E04EA}.Debug|Any CPU.Build.0 = Debug|Any CPU
		{B2622244-D877-4E41-A364-22A0B63E04EA}.Debug|x64.ActiveCfg = Debug|Any CPU
		{B2622244-D877-4E41-A364-22A0B63E04EA}.Debug|x64.Build.0 = Debug|Any CPU
		{B2622244-D877-4E41-A364-22A0B63E04EA}.Debug|x86.ActiveCfg = Debug|Any CPU
		{B2622244-D877-4E41-A364-22A0B63E04EA}.Debug|x86.Build.0 = Debug|Any CPU
		{B2622244-D877-4E41-A364-22A0B63E04EA}.Release|Any CPU.ActiveCfg = Release|Any CPU
		{B2622244-D877-4E41-A364-22A0B63E04EA}.Release|Any CPU.Build.0 = Release|Any CPU
		{B2622244-D877-4E41-A364-22A0B63E04EA}.Release|x64.ActiveCfg = Release|Any CPU
		{B2622244-D877-4E41-A364-22A0B63E04EA}.Release|x64.Build.0 = Release|Any CPU
		{B2622244-D877-4E41-A364-22A0B63E04EA}.Release|x86.ActiveCfg = Release|Any CPU
		{B2622244-D877-4E41-A364-22A0B63E04EA}.Release|x86.Build.0 = Release|Any CPU
		{1CA76FFB-31A2-4838-9592-7B66CD72E9A6}.Debug|Any CPU.ActiveCfg = Debug|Any CPU
		{1CA76FFB-31A2-4838-9592-7B66CD72E9A6}.Debug|Any CPU.Build.0 = Debug|Any CPU
		{1CA76FFB-31A2-4838-9592-7B66CD72E9A6}.Debug|x64.ActiveCfg = Debug|Any CPU
		{1CA76FFB-31A2-4838-9592-7B66CD72E9A6}.Debug|x64.Build.0 = Debug|Any CPU
		{1CA76FFB-31A2-4838-9592-7B66CD72E9A6}.Debug|x86.ActiveCfg = Debug|Any CPU
		{1CA76FFB-31A2-4838-9592-7B66CD72E9A6}.Debug|x86.Build.0 = Debug|Any CPU
		{1CA76FFB-31A2-4838-9592-7B66CD72E9A6}.Release|Any CPU.ActiveCfg = Release|Any CPU
		{1CA76FFB-31A2-4838-9592-7B66CD72E9A6}.Release|Any CPU.Build.0 = Release|Any CPU
		{1CA76FFB-31A2-4838-9592-7B66CD72E9A6}.Release|x64.ActiveCfg = Release|Any CPU
		{1CA76FFB-31A2-4838-9592-7B66CD72E9A6}.Release|x64.Build.0 = Release|Any CPU
		{1CA76FFB-31A2-4838-9592-7B66CD72E9A6}.Release|x86.ActiveCfg = Release|Any CPU
		{1CA76FFB-31A2-4838-9592-7B66CD72E9A6}.Release|x86.Build.0 = Release|Any CPU
		{75D39EF5-397D-4029-A583-522229C08A45}.Debug|Any CPU.ActiveCfg = Debug|Any CPU
		{75D39EF5-397D-4029-A583-522229C08A45}.Debug|Any CPU.Build.0 = Debug|Any CPU
		{75D39EF5-397D-4029-A583-522229C08A45}.Debug|x64.ActiveCfg = Debug|Any CPU
		{75D39EF5-397D-4029-A583-522229C08A45}.Debug|x64.Build.0 = Debug|Any CPU
		{75D39EF5-397D-4029-A583-522229C08A45}.Debug|x86.ActiveCfg = Debug|Any CPU
		{75D39EF5-397D-4029-A583-522229C08A45}.Debug|x86.Build.0 = Debug|Any CPU
		{75D39EF5-397D-4029-A583-522229C08A45}.Release|Any CPU.ActiveCfg = Release|Any CPU
		{75D39EF5-397D-4029-A583-522229C08A45}.Release|Any CPU.Build.0 = Release|Any CPU
		{75D39EF5-397D-4029-A583-522229C08A45}.Release|x64.ActiveCfg = Release|Any CPU
		{75D39EF5-397D-4029-A583-522229C08A45}.Release|x64.Build.0 = Release|Any CPU
		{75D39EF5-397D-4029-A583-522229C08A45}.Release|x86.ActiveCfg = Release|Any CPU
		{75D39EF5-397D-4029-A583-522229C08A45}.Release|x86.Build.0 = Release|Any CPU
	EndGlobalSection
EndGlobal
